{
  "name": "electron-react-boilerplate",
  "version": "1.0.1",
  "lockfileVersion": 2,
  "requires": true,
  "packages": {
    "": {
      "name": "electron-react-boilerplate",
      "version": "1.0.1",
      "hasInstallScript": true,
      "license": "MIT",
      "dependencies": {
        "@ddc-node/ddc-node": "^1.0.3"
      }
    },
    "node_modules/@ddc-node/ddc-node": {
      "version": "1.0.3",
      "resolved": "https://registry.npmjs.org/@ddc-node/ddc-node/-/ddc-node-1.0.3.tgz",
      "integrity": "sha512-5aDb1ObRYwAV9tq8m5kph6KOjFCi4IGf3rnle7iFH8iyVSbnQ9NogeFHBXzHS7Go5I/MGDOl01IrXxoce9lLmw==",
      "engines": {
        "node": ">= 10"
      },
      "optionalDependencies": {
        "@ddc-node/ddc-node-darwin-arm64": "1.0.3",
        "@ddc-node/ddc-node-darwin-x64": "1.0.3",
        "@ddc-node/ddc-node-linux-arm64-gnu": "1.0.3",
        "@ddc-node/ddc-node-linux-x64-gnu": "1.0.3",
        "@ddc-node/ddc-node-win32-arm64-msvc": "1.0.3",
        "@ddc-node/ddc-node-win32-x64-msvc": "1.0.3"
      }
    },
    "node_modules/@ddc-node/ddc-node-darwin-arm64": {
      "version": "1.0.3",
      "resolved": "https://registry.npmjs.org/@ddc-node/ddc-node-darwin-arm64/-/ddc-node-darwin-arm64-1.0.3.tgz",
      "integrity": "sha512-VDUkd5DgfrAgo8PkyTnCksYkHmECYQ6qXaFgdUxxJyYNw11wM5exQzkhM6elnWgw0X4GZWk76Rc07T1ZEEjRxA==",
      "cpu": [
        "arm64"
      ],
      "optional": true,
      "os": [
        "darwin"
      ],
      "engines": {
        "node": ">= 10"
      }
    },
    "node_modules/@ddc-node/ddc-node-darwin-x64": {
      "version": "1.0.3",
      "resolved": "https://registry.npmjs.org/@ddc-node/ddc-node-darwin-x64/-/ddc-node-darwin-x64-1.0.3.tgz",
      "integrity": "sha512-SliCF0myhqfH/hFtP6AS+LtpGAncNqopfgoXO7ZMH2OyGKDNoUvkmPCB/AmEoGGmlK1tpiXi6gwk4SQwP4zKQQ==",
      "cpu": [
        "x64"
      ],
      "optional": true,
      "os": [
        "darwin"
      ],
      "engines": {
        "node": ">= 10"
      }
    },
    "node_modules/@ddc-node/ddc-node-linux-arm64-gnu": {
      "version": "1.0.3",
      "resolved": "https://registry.npmjs.org/@ddc-node/ddc-node-linux-arm64-gnu/-/ddc-node-linux-arm64-gnu-1.0.3.tgz",
      "integrity": "sha512-vgdvCH0FBpDHMbEOPdPSALySlcM6mtSyFAubecfmaLHVxftt4gVwiI5DOwzNiIXTzgpUpWtG/M5cpZKtah5v7w==",
      "cpu": [
        "arm64"
      ],
      "optional": true,
      "os": [
        "linux"
      ],
      "engines": {
        "node": ">= 10"
      }
    },
    "node_modules/@ddc-node/ddc-node-linux-x64-gnu": {
      "version": "1.0.3",
      "resolved": "https://registry.npmjs.org/@ddc-node/ddc-node-linux-x64-gnu/-/ddc-node-linux-x64-gnu-1.0.3.tgz",
      "integrity": "sha512-kSe0loDhJqGjJ6IpEBJRRgoJas2VRv+Xt1i/kCOXd7FZjT09WU4a0hw5ac2XjhLui2QFwCmCMzUQAxNhQc7yEA==",
      "cpu": [
        "x64"
      ],
      "optional": true,
      "os": [
        "linux"
      ],
      "engines": {
        "node": ">= 10"
      }
    },
    "node_modules/@ddc-node/ddc-node-win32-arm64-msvc": {
      "version": "1.0.3",
      "resolved": "https://registry.npmjs.org/@ddc-node/ddc-node-win32-arm64-msvc/-/ddc-node-win32-arm64-msvc-1.0.3.tgz",
      "integrity": "sha512-qepfKM364gsXe1W7LeVGkmwcfWgoUSk8bAdo/2DPwzOno+PQYwMXWG/CgwLQRa90lF+UTO9t2UPUmF71Ww+M8w==",
      "cpu": [
        "arm64"
      ],
      "optional": true,
      "os": [
        "win32"
      ],
      "engines": {
        "node": ">= 10"
      }
    },
    "node_modules/@ddc-node/ddc-node-win32-x64-msvc": {
      "version": "1.0.3",
      "resolved": "https://registry.npmjs.org/@ddc-node/ddc-node-win32-x64-msvc/-/ddc-node-win32-x64-msvc-1.0.3.tgz",
      "integrity": "sha512-5bIC+ykrGTE5xoOPbXVdIBDejv7enxZTsRZ+hnlv72uat5sohVtYZsBXJUhEWBuZ9ziv64k/86O0goZlESGIww==",
      "cpu": [
        "x64"
      ],
      "optional": true,
      "os": [
        "win32"
      ],
      "engines": {
        "node": ">= 10"
      }
    }
  },
  "dependencies": {
    "@ddc-node/ddc-node": {
      "version": "1.0.3",
      "resolved": "https://registry.npmjs.org/@ddc-node/ddc-node/-/ddc-node-1.0.3.tgz",
      "integrity": "sha512-5aDb1ObRYwAV9tq8m5kph6KOjFCi4IGf3rnle7iFH8iyVSbnQ9NogeFHBXzHS7Go5I/MGDOl01IrXxoce9lLmw==",
      "requires": {
        "@ddc-node/ddc-node-darwin-arm64": "1.0.3",
        "@ddc-node/ddc-node-darwin-x64": "1.0.3",
        "@ddc-node/ddc-node-linux-arm64-gnu": "1.0.3",
        "@ddc-node/ddc-node-linux-x64-gnu": "1.0.3",
        "@ddc-node/ddc-node-win32-arm64-msvc": "1.0.3",
        "@ddc-node/ddc-node-win32-x64-msvc": "1.0.3"
      }
    },
    "@ddc-node/ddc-node-darwin-arm64": {
      "version": "1.0.3",
      "resolved": "https://registry.npmjs.org/@ddc-node/ddc-node-darwin-arm64/-/ddc-node-darwin-arm64-1.0.3.tgz",
      "integrity": "sha512-VDUkd5DgfrAgo8PkyTnCksYkHmECYQ6qXaFgdUxxJyYNw11wM5exQzkhM6elnWgw0X4GZWk76Rc07T1ZEEjRxA==",
      "optional": true
    },
    "@ddc-node/ddc-node-darwin-x64": {
      "version": "1.0.3",
      "resolved": "https://registry.npmjs.org/@ddc-node/ddc-node-darwin-x64/-/ddc-node-darwin-x64-1.0.3.tgz",
      "integrity": "sha512-SliCF0myhqfH/hFtP6AS+LtpGAncNqopfgoXO7ZMH2OyGKDNoUvkmPCB/AmEoGGmlK1tpiXi6gwk4SQwP4zKQQ==",
      "optional": true
    },
    "@ddc-node/ddc-node-linux-arm64-gnu": {
      "version": "1.0.3",
      "resolved": "https://registry.npmjs.org/@ddc-node/ddc-node-linux-arm64-gnu/-/ddc-node-linux-arm64-gnu-1.0.3.tgz",
      "integrity": "sha512-vgdvCH0FBpDHMbEOPdPSALySlcM6mtSyFAubecfmaLHVxftt4gVwiI5DOwzNiIXTzgpUpWtG/M5cpZKtah5v7w==",
      "optional": true
    },
    "@ddc-node/ddc-node-linux-x64-gnu": {
      "version": "1.0.3",
      "resolved": "https://registry.npmjs.org/@ddc-node/ddc-node-linux-x64-gnu/-/ddc-node-linux-x64-gnu-1.0.3.tgz",
      "integrity": "sha512-kSe0loDhJqGjJ6IpEBJRRgoJas2VRv+Xt1i/kCOXd7FZjT09WU4a0hw5ac2XjhLui2QFwCmCMzUQAxNhQc7yEA==",
      "optional": true
    },
    "@ddc-node/ddc-node-win32-arm64-msvc": {
      "version": "1.0.3",
      "resolved": "https://registry.npmjs.org/@ddc-node/ddc-node-win32-arm64-msvc/-/ddc-node-win32-arm64-msvc-1.0.3.tgz",
      "integrity": "sha512-qepfKM364gsXe1W7LeVGkmwcfWgoUSk8bAdo/2DPwzOno+PQYwMXWG/CgwLQRa90lF+UTO9t2UPUmF71Ww+M8w==",
      "optional": true
    },
    "@ddc-node/ddc-node-win32-x64-msvc": {
      "version": "1.0.3",
      "resolved": "https://registry.npmjs.org/@ddc-node/ddc-node-win32-x64-msvc/-/ddc-node-win32-x64-msvc-1.0.3.tgz",
      "integrity": "sha512-5bIC+ykrGTE5xoOPbXVdIBDejv7enxZTsRZ+hnlv72uat5sohVtYZsBXJUhEWBuZ9ziv64k/86O0goZlESGIww==",
      "optional": true
    }
  }
}
